// !$*UTF8*$!
{
	archiveVersion = 1;
	classes = {
	};
	objectVersion = 77;
	objects = {

/* Begin PBXBuildFile section */
		521198B22E5F4598002CD6B6 /* AssetsTest.swift in Sources */ = {isa = PBXBuildFile; fileRef = 521198B12E5F4598002CD6B6 /* AssetsTest.swift */; };
		526CD6042E6062BE00FF4434 /* CharacterTest.swift in Sources */ = {isa = PBXBuildFile; fileRef = 526CD6012E6062BE00FF4434 /* CharacterTest.swift */; };
		526CD61F2E608FA200FF4434 /* AwardsTest.swift in Sources */ = {isa = PBXBuildFile; fileRef = 526CD61E2E608F9F00FF4434 /* AwardsTest.swift */; };
		52C1DF892E2FD4AE00E8690E /* _ConfidentialKit in Frameworks */ = {isa = PBXBuildFile; productRef = 52C1DF882E2FD4AE00E8690E /* _ConfidentialKit */; };
/* End PBXBuildFile section */

/* Begin PBXContainerItemProxy section */
		52CE4FF72E5F3DB10022583A /* PBXContainerItemProxy */ = {
			isa = PBXContainerItemProxy;
			containerPortal = 52F1B81B2DBF7E76006FBDD2 /* Project object */;
			proxyType = 1;
			remoteGlobalIDString = 52F1B8222DBF7E76006FBDD2;
			remoteInfo = CastKeeper;
		};
/* End PBXContainerItemProxy section */

/* Begin PBXFileReference section */
		5211983F2E5F407E002CD6B6 /* CastKeeper.app */ = {isa = PBXFileReference; explicitFileType = wrapper.application; includeInIndex = 0; path = CastKeeper.app; sourceTree = BUILT_PRODUCTS_DIR; };
		521198A62E5F425D002CD6B6 /* CastKeeperTests.xctest */ = {isa = PBXFileReference; explicitFileType = wrapper.cfbundle; includeInIndex = 0; path = CastKeeperTests.xctest; sourceTree = BUILT_PRODUCTS_DIR; };
		521198B12E5F4598002CD6B6 /* AssetsTest.swift */ = {isa = PBXFileReference; lastKnownFileType = sourcecode.swift; path = AssetsTest.swift; sourceTree = "<group>"; };
		526CD6012E6062BE00FF4434 /* CharacterTest.swift */ = {isa = PBXFileReference; lastKnownFileType = sourcecode.swift; path = CharacterTest.swift; sourceTree = "<group>"; };
		526CD61E2E608F9F00FF4434 /* AwardsTest.swift */ = {isa = PBXFileReference; lastKnownFileType = sourcecode.swift; path = AwardsTest.swift; sourceTree = "<group>"; };
/* End PBXFileReference section */

/* Begin PBXFileSystemSynchronizedBuildFileExceptionSet section */
		520A828A2E45ED2000BB1961 /* Exceptions for "CastKeeper" folder in "CastKeeper" target */ = {
			isa = PBXFileSystemSynchronizedBuildFileExceptionSet;
			membershipExceptions = (
				Info.plist,
			);
			target = 52F1B8222DBF7E76006FBDD2 /* CastKeeper */;
		};
/* End PBXFileSystemSynchronizedBuildFileExceptionSet section */

/* Begin PBXFileSystemSynchronizedRootGroup section */
		52F1B8252DBF7E76006FBDD2 /* CastKeeper */ = {
			isa = PBXFileSystemSynchronizedRootGroup;
			exceptions = (
				520A828A2E45ED2000BB1961 /* Exceptions for "CastKeeper" folder in "CastKeeper" target */,
			);
			path = CastKeeper;
			sourceTree = "<group>";
		};
/* End PBXFileSystemSynchronizedRootGroup section */

/* Begin PBXFrameworksBuildPhase section */
		52CE4FF32E5F3DB10022583A /* Frameworks */ = {
			isa = PBXFrameworksBuildPhase;
			buildActionMask = 2147483647;
			files = (
			);
			runOnlyForDeploymentPostprocessing = 0;
		};
		52F1B8202DBF7E76006FBDD2 /* Frameworks */ = {
			isa = PBXFrameworksBuildPhase;
			buildActionMask = 2147483647;
			files = (
				52C1DF892E2FD4AE00E8690E /* _ConfidentialKit in Frameworks */,
			);
			runOnlyForDeploymentPostprocessing = 0;
		};
/* End PBXFrameworksBuildPhase section */

/* Begin PBXGroup section */
		52F1B81A2DBF7E76006FBDD2 = {
			isa = PBXGroup;
			children = (
				521198B12E5F4598002CD6B6 /* AssetsTest.swift */,
				526CD61E2E608F9F00FF4434 /* AwardsTest.swift */,
				526CD6012E6062BE00FF4434 /* CharacterTest.swift */,
				52F1B8252DBF7E76006FBDD2 /* CastKeeper */,
				5211983F2E5F407E002CD6B6 /* CastKeeper.app */,
				521198A62E5F425D002CD6B6 /* CastKeeperTests.xctest */,
			);
			sourceTree = "<group>";
		};
/* End PBXGroup section */

/* Begin PBXNativeTarget section */
		52CE4FF52E5F3DB10022583A /* CastKeeperTests */ = {
			isa = PBXNativeTarget;
			buildConfigurationList = 52CE4FF92E5F3DB10022583A /* Build configuration list for PBXNativeTarget "CastKeeperTests" */;
			buildPhases = (
				52CE4FF22E5F3DB10022583A /* Sources */,
				52CE4FF32E5F3DB10022583A /* Frameworks */,
				52CE4FF42E5F3DB10022583A /* Resources */,
			);
			buildRules = (
			);
			dependencies = (
				52CE4FF82E5F3DB10022583A /* PBXTargetDependency */,
			);
			name = CastKeeperTests;
			packageProductDependencies = (
			);
			productName = CastKeeperTests;
			productReference = 521198A62E5F425D002CD6B6 /* CastKeeperTests.xctest */;
			productType = "com.apple.product-type.bundle.unit-test";
		};
		52F1B8222DBF7E76006FBDD2 /* CastKeeper */ = {
			isa = PBXNativeTarget;
			buildConfigurationList = 52F1B8322DBF7E78006FBDD2 /* Build configuration list for PBXNativeTarget "CastKeeper" */;
			buildPhases = (
				52F1B81F2DBF7E76006FBDD2 /* Sources */,
				52F1B8202DBF7E76006FBDD2 /* Frameworks */,
				52F1B8212DBF7E76006FBDD2 /* Resources */,
			);
			buildRules = (
			);
			dependencies = (
				521445842E327BB7005EA9E8 /* PBXTargetDependency */,
				52C1DF8F2E2FD4CC00E8690E /* PBXTargetDependency */,
				52C1DF8B2E2FD4C400E8690E /* PBXTargetDependency */,
			);
			fileSystemSynchronizedGroups = (
				52F1B8252DBF7E76006FBDD2 /* CastKeeper */,
			);
			name = CastKeeper;
			packageProductDependencies = (
				52C1DF882E2FD4AE00E8690E /* _ConfidentialKit */,
			);
			productName = ExampleApp;
			productReference = 5211983F2E5F407E002CD6B6 /* CastKeeper.app */;
			productType = "com.apple.product-type.application";
		};
/* End PBXNativeTarget section */

/* Begin PBXProject section */
		52F1B81B2DBF7E76006FBDD2 /* Project object */ = {
			isa = PBXProject;
			attributes = {
				BuildIndependentTargetsInParallel = 1;
				LastSwiftUpdateCheck = 1620;
				LastUpgradeCheck = 1620;
				TargetAttributes = {
					52CE4FF52E5F3DB10022583A = {
						CreatedOnToolsVersion = 16.4;
						LastSwiftMigration = 1640;
						TestTargetID = 52F1B8222DBF7E76006FBDD2;
					};
					52F1B8222DBF7E76006FBDD2 = {
						CreatedOnToolsVersion = 16.2;
					};
				};
			};
			buildConfigurationList = 52F1B81E2DBF7E76006FBDD2 /* Build configuration list for PBXProject "CastKeeper" */;
			developmentRegion = en;
			hasScannedForEncodings = 0;
			knownRegions = (
				en,
				Base,
				it,
			);
			mainGroup = 52F1B81A2DBF7E76006FBDD2;
			minimizedProjectReferenceProxies = 1;
			packageReferences = (
				52C1DF7E2E2FD17D00E8690E /* XCRemoteSwiftPackageReference "swift-confidential-plugin" */,
				52C1DF872E2FD4AE00E8690E /* XCRemoteSwiftPackageReference "swift-confidential" */,
				521444B82E327B0B005EA9E8 /* XCRemoteSwiftPackageReference "SwiftLintPlugins" */,
			);
			preferredProjectObjectVersion = 77;
			productRefGroup = 52F1B81A2DBF7E76006FBDD2;
			projectDirPath = "";
			projectRoot = "";
			targets = (
				52F1B8222DBF7E76006FBDD2 /* CastKeeper */,
				52CE4FF52E5F3DB10022583A /* CastKeeperTests */,
			);
		};
/* End PBXProject section */

/* Begin PBXResourcesBuildPhase section */
		52CE4FF42E5F3DB10022583A /* Resources */ = {
			isa = PBXResourcesBuildPhase;
			buildActionMask = 2147483647;
			files = (
			);
			runOnlyForDeploymentPostprocessing = 0;
		};
		52F1B8212DBF7E76006FBDD2 /* Resources */ = {
			isa = PBXResourcesBuildPhase;
			buildActionMask = 2147483647;
			files = (
			);
			runOnlyForDeploymentPostprocessing = 0;
		};
/* End PBXResourcesBuildPhase section */

/* Begin PBXSourcesBuildPhase section */
		52CE4FF22E5F3DB10022583A /* Sources */ = {
			isa = PBXSourcesBuildPhase;
			buildActionMask = 2147483647;
			files = (
				526CD6042E6062BE00FF4434 /* CharacterTest.swift in Sources */,
				521198B22E5F4598002CD6B6 /* AssetsTest.swift in Sources */,
				526CD61F2E608FA200FF4434 /* AwardsTest.swift in Sources */,
			);
			runOnlyForDeploymentPostprocessing = 0;
		};
		52F1B81F2DBF7E76006FBDD2 /* Sources */ = {
			isa = PBXSourcesBuildPhase;
			buildActionMask = 2147483647;
			files = (
			);
			runOnlyForDeploymentPostprocessing = 0;
		};
/* End PBXSourcesBuildPhase section */

/* Begin PBXTargetDependency section */
		521445842E327BB7005EA9E8 /* PBXTargetDependency */ = {
			isa = PBXTargetDependency;
			productRef = 521445832E327BB7005EA9E8 /* SwiftLintBuildToolPlugin */;
		};
		52C1DF8B2E2FD4C400E8690E /* PBXTargetDependency */ = {
			isa = PBXTargetDependency;
			productRef = 52C1DF8A2E2FD4C400E8690E /* Confidential */;
		};
		52C1DF8F2E2FD4CC00E8690E /* PBXTargetDependency */ = {
			isa = PBXTargetDependency;
			productRef = 52C1DF8E2E2FD4CC00E8690E /* _ConfidentialKit */;
		};
		52CE4FF82E5F3DB10022583A /* PBXTargetDependency */ = {
			isa = PBXTargetDependency;
			target = 52F1B8222DBF7E76006FBDD2 /* CastKeeper */;
			targetProxy = 52CE4FF72E5F3DB10022583A /* PBXContainerItemProxy */;
		};
/* End PBXTargetDependency section */

/* Begin XCBuildConfiguration section */
		52CE4FFA2E5F3DB10022583A /* Debug */ = {
			isa = XCBuildConfiguration;
			buildSettings = {
				BUNDLE_LOADER = "$(TEST_HOST)";
				CLANG_ENABLE_MODULES = YES;
				CODE_SIGN_STYLE = Automatic;
				CURRENT_PROJECT_VERSION = 1;
				DEVELOPMENT_TEAM = V7ZAPSKXZ6;
				GENERATE_INFOPLIST_FILE = YES;
				IPHONEOS_DEPLOYMENT_TARGET = 18.0;
				MARKETING_VERSION = 1.0;
				PRODUCT_BUNDLE_IDENTIFIER = com.RenFer.CastKeeperTests;
				PRODUCT_NAME = "$(TARGET_NAME)";
				REGISTER_APP_GROUPS = YES;
				SDKROOT = iphoneos;
				SUPPORTED_PLATFORMS = "iphoneos iphonesimulator macosx xros xrsimulator";
				SUPPORTS_MACCATALYST = NO;
				SWIFT_EMIT_LOC_STRINGS = NO;
				SWIFT_OBJC_BRIDGING_HEADER = "";
				SWIFT_OPTIMIZATION_LEVEL = "-Onone";
				SWIFT_VERSION = 5.0;
				TARGETED_DEVICE_FAMILY = "1,2,7";
				TEST_HOST = "$(BUILT_PRODUCTS_DIR)/CastKeeper.app/$(BUNDLE_EXECUTABLE_FOLDER_PATH)/CastKeeper";
				XROS_DEPLOYMENT_TARGET = 2.5;
			};
			name = Debug;
		};
		52CE4FFB2E5F3DB10022583A /* Release */ = {
			isa = XCBuildConfiguration;
			buildSettings = {
				BUNDLE_LOADER = "$(TEST_HOST)";
				CLANG_ENABLE_MODULES = YES;
				CODE_SIGN_STYLE = Automatic;
				CURRENT_PROJECT_VERSION = 1;
				DEVELOPMENT_TEAM = V7ZAPSKXZ6;
				GENERATE_INFOPLIST_FILE = YES;
				IPHONEOS_DEPLOYMENT_TARGET = 18.0;
				MARKETING_VERSION = 1.0;
				PRODUCT_BUNDLE_IDENTIFIER = com.RenFer.CastKeeperTests;
				PRODUCT_NAME = "$(TARGET_NAME)";
				REGISTER_APP_GROUPS = YES;
				SDKROOT = iphoneos;
				SUPPORTED_PLATFORMS = "iphoneos iphonesimulator macosx xros xrsimulator";
				SUPPORTS_MACCATALYST = NO;
				SWIFT_EMIT_LOC_STRINGS = NO;
				SWIFT_OBJC_BRIDGING_HEADER = "";
				SWIFT_VERSION = 5.0;
				TARGETED_DEVICE_FAMILY = "1,2,7";
				TEST_HOST = "$(BUILT_PRODUCTS_DIR)/CastKeeper.app/$(BUNDLE_EXECUTABLE_FOLDER_PATH)/CastKeeper";
				VALIDATE_PRODUCT = YES;
				XROS_DEPLOYMENT_TARGET = 2.5;
			};
			name = Release;
		};
		52F1B8302DBF7E78006FBDD2 /* Debug */ = {
			isa = XCBuildConfiguration;
			buildSettings = {
				ALWAYS_SEARCH_USER_PATHS = NO;
				ASSETCATALOG_COMPILER_GENERATE_SWIFT_ASSET_SYMBOL_EXTENSIONS = YES;
				CLANG_ANALYZER_NONNULL = YES;
				CLANG_ANALYZER_NUMBER_OBJECT_CONVERSION = YES_AGGRESSIVE;
				CLANG_CXX_LANGUAGE_STANDARD = "gnu++20";
				CLANG_ENABLE_MODULES = YES;
				CLANG_ENABLE_OBJC_ARC = YES;
				CLANG_ENABLE_OBJC_WEAK = YES;
				CLANG_WARN_BLOCK_CAPTURE_AUTORELEASING = YES;
				CLANG_WARN_BOOL_CONVERSION = YES;
				CLANG_WARN_COMMA = YES;
				CLANG_WARN_CONSTANT_CONVERSION = YES;
				CLANG_WARN_DEPRECATED_OBJC_IMPLEMENTATIONS = YES;
				CLANG_WARN_DIRECT_OBJC_ISA_USAGE = YES_ERROR;
				CLANG_WARN_DOCUMENTATION_COMMENTS = YES;
				CLANG_WARN_EMPTY_BODY = YES;
				CLANG_WARN_ENUM_CONVERSION = YES;
				CLANG_WARN_INFINITE_RECURSION = YES;
				CLANG_WARN_INT_CONVERSION = YES;
				CLANG_WARN_NON_LITERAL_NULL_CONVERSION = YES;
				CLANG_WARN_OBJC_IMPLICIT_RETAIN_SELF = YES;
				CLANG_WARN_OBJC_LITERAL_CONVERSION = YES;
				CLANG_WARN_OBJC_ROOT_CLASS = YES_ERROR;
				CLANG_WARN_QUOTED_INCLUDE_IN_FRAMEWORK_HEADER = YES;
				CLANG_WARN_RANGE_LOOP_ANALYSIS = YES;
				CLANG_WARN_STRICT_PROTOTYPES = YES;
				CLANG_WARN_SUSPICIOUS_MOVE = YES;
				CLANG_WARN_UNGUARDED_AVAILABILITY = YES_AGGRESSIVE;
				CLANG_WARN_UNREACHABLE_CODE = YES;
				CLANG_WARN__DUPLICATE_METHOD_MATCH = YES;
				COPY_PHASE_STRIP = NO;
				DEBUG_INFORMATION_FORMAT = dwarf;
				ENABLE_STRICT_OBJC_MSGSEND = YES;
				ENABLE_TESTABILITY = YES;
				ENABLE_USER_SCRIPT_SANDBOXING = YES;
				GCC_C_LANGUAGE_STANDARD = gnu17;
				GCC_DYNAMIC_NO_PIC = NO;
				GCC_NO_COMMON_BLOCKS = YES;
				GCC_OPTIMIZATION_LEVEL = 0;
				GCC_PREPROCESSOR_DEFINITIONS = (
					"DEBUG=1",
					"$(inherited)",
				);
				GCC_WARN_64_TO_32_BIT_CONVERSION = YES;
				GCC_WARN_ABOUT_RETURN_TYPE = YES_ERROR;
				GCC_WARN_UNDECLARED_SELECTOR = YES;
				GCC_WARN_UNINITIALIZED_AUTOS = YES_AGGRESSIVE;
				GCC_WARN_UNUSED_FUNCTION = YES;
				GCC_WARN_UNUSED_VARIABLE = YES;
				LOCALIZATION_PREFERS_STRING_CATALOGS = YES;
				MTL_ENABLE_DEBUG_INFO = INCLUDE_SOURCE;
				MTL_FAST_MATH = YES;
				ONLY_ACTIVE_ARCH = YES;
				SWIFT_ACTIVE_COMPILATION_CONDITIONS = "DEBUG $(inherited)";
				SWIFT_EMIT_LOC_STRINGS = YES;
				SWIFT_OPTIMIZATION_LEVEL = "-Onone";
			};
			name = Debug;
		};
		52F1B8312DBF7E78006FBDD2 /* Release */ = {
			isa = XCBuildConfiguration;
			buildSettings = {
				ALWAYS_SEARCH_USER_PATHS = NO;
				ASSETCATALOG_COMPILER_GENERATE_SWIFT_ASSET_SYMBOL_EXTENSIONS = YES;
				CLANG_ANALYZER_NONNULL = YES;
				CLANG_ANALYZER_NUMBER_OBJECT_CONVERSION = YES_AGGRESSIVE;
				CLANG_CXX_LANGUAGE_STANDARD = "gnu++20";
				CLANG_ENABLE_MODULES = YES;
				CLANG_ENABLE_OBJC_ARC = YES;
				CLANG_ENABLE_OBJC_WEAK = YES;
				CLANG_WARN_BLOCK_CAPTURE_AUTORELEASING = YES;
				CLANG_WARN_BOOL_CONVERSION = YES;
				CLANG_WARN_COMMA = YES;
				CLANG_WARN_CONSTANT_CONVERSION = YES;
				CLANG_WARN_DEPRECATED_OBJC_IMPLEMENTATIONS = YES;
				CLANG_WARN_DIRECT_OBJC_ISA_USAGE = YES_ERROR;
				CLANG_WARN_DOCUMENTATION_COMMENTS = YES;
				CLANG_WARN_EMPTY_BODY = YES;
				CLANG_WARN_ENUM_CONVERSION = YES;
				CLANG_WARN_INFINITE_RECURSION = YES;
				CLANG_WARN_INT_CONVERSION = YES;
				CLANG_WARN_NON_LITERAL_NULL_CONVERSION = YES;
				CLANG_WARN_OBJC_IMPLICIT_RETAIN_SELF = YES;
				CLANG_WARN_OBJC_LITERAL_CONVERSION = YES;
				CLANG_WARN_OBJC_ROOT_CLASS = YES_ERROR;
				CLANG_WARN_QUOTED_INCLUDE_IN_FRAMEWORK_HEADER = YES;
				CLANG_WARN_RANGE_LOOP_ANALYSIS = YES;
				CLANG_WARN_STRICT_PROTOTYPES = YES;
				CLANG_WARN_SUSPICIOUS_MOVE = YES;
				CLANG_WARN_UNGUARDED_AVAILABILITY = YES_AGGRESSIVE;
				CLANG_WARN_UNREACHABLE_CODE = YES;
				CLANG_WARN__DUPLICATE_METHOD_MATCH = YES;
				COPY_PHASE_STRIP = NO;
				DEBUG_INFORMATION_FORMAT = "dwarf-with-dsym";
				ENABLE_NS_ASSERTIONS = NO;
				ENABLE_STRICT_OBJC_MSGSEND = YES;
				ENABLE_USER_SCRIPT_SANDBOXING = YES;
				GCC_C_LANGUAGE_STANDARD = gnu17;
				GCC_NO_COMMON_BLOCKS = YES;
				GCC_WARN_64_TO_32_BIT_CONVERSION = YES;
				GCC_WARN_ABOUT_RETURN_TYPE = YES_ERROR;
				GCC_WARN_UNDECLARED_SELECTOR = YES;
				GCC_WARN_UNINITIALIZED_AUTOS = YES_AGGRESSIVE;
				GCC_WARN_UNUSED_FUNCTION = YES;
				GCC_WARN_UNUSED_VARIABLE = YES;
				LOCALIZATION_PREFERS_STRING_CATALOGS = YES;
				MTL_ENABLE_DEBUG_INFO = NO;
				MTL_FAST_MATH = YES;
				SWIFT_COMPILATION_MODE = wholemodule;
				SWIFT_EMIT_LOC_STRINGS = YES;
			};
			name = Release;
		};
		52F1B8332DBF7E78006FBDD2 /* Debug */ = {
			isa = XCBuildConfiguration;
			buildSettings = {
				ASSETCATALOG_COMPILER_APPICON_NAME = AppIcon;
				ASSETCATALOG_COMPILER_GLOBAL_ACCENT_COLOR_NAME = AccentColor;
				CODE_SIGN_ENTITLEMENTS = CastKeeper/CastKeeper.entitlements;
				CODE_SIGN_STYLE = Automatic;
				CURRENT_PROJECT_VERSION = 1;
				DEVELOPMENT_ASSET_PATHS = "\"CastKeeper/Preview Content\"";
				DEVELOPMENT_TEAM = V7ZAPSKXZ6;
				ENABLE_HARDENED_RUNTIME = YES;
				ENABLE_PREVIEWS = YES;
				GENERATE_INFOPLIST_FILE = YES;
				INFOPLIST_FILE = CastKeeper/Info.plist;
				INFOPLIST_KEY_CFBundleDisplayName = CastKeeper;
				"INFOPLIST_KEY_UIApplicationSceneManifest_Generation[sdk=iphoneos*]" = YES;
				"INFOPLIST_KEY_UIApplicationSceneManifest_Generation[sdk=iphonesimulator*]" = YES;
				"INFOPLIST_KEY_UIApplicationSupportsIndirectInputEvents[sdk=iphoneos*]" = YES;
				"INFOPLIST_KEY_UIApplicationSupportsIndirectInputEvents[sdk=iphonesimulator*]" = YES;
				"INFOPLIST_KEY_UILaunchScreen_Generation[sdk=iphoneos*]" = YES;
				"INFOPLIST_KEY_UILaunchScreen_Generation[sdk=iphonesimulator*]" = YES;
				"INFOPLIST_KEY_UIStatusBarStyle[sdk=iphoneos*]" = UIStatusBarStyleDefault;
				"INFOPLIST_KEY_UIStatusBarStyle[sdk=iphonesimulator*]" = UIStatusBarStyleDefault;
				INFOPLIST_KEY_UISupportedInterfaceOrientations_iPad = "UIInterfaceOrientationPortrait UIInterfaceOrientationPortraitUpsideDown UIInterfaceOrientationLandscapeLeft UIInterfaceOrientationLandscapeRight";
				INFOPLIST_KEY_UISupportedInterfaceOrientations_iPhone = "UIInterfaceOrientationPortrait UIInterfaceOrientationLandscapeLeft UIInterfaceOrientationLandscapeRight";
				IPHONEOS_DEPLOYMENT_TARGET = 18.0;
				LD_RUNPATH_SEARCH_PATHS = "@executable_path/Frameworks";
				"LD_RUNPATH_SEARCH_PATHS[sdk=macosx*]" = "@executable_path/../Frameworks";
				MACOSX_DEPLOYMENT_TARGET = 15.2;
				MARKETING_VERSION = 1.0;
				PRODUCT_BUNDLE_IDENTIFIER = com.RenFer.CastKeeper;
				PRODUCT_NAME = "$(TARGET_NAME)";
				SDKROOT = auto;
				SUPPORTED_PLATFORMS = "iphoneos iphonesimulator macosx xros xrsimulator";
				SWIFT_EMIT_LOC_STRINGS = YES;
				SWIFT_VERSION = 6.0;
				TARGETED_DEVICE_FAMILY = "1,2,7";
				XROS_DEPLOYMENT_TARGET = 2.2;
			};
			name = Debug;
		};
		52F1B8342DBF7E78006FBDD2 /* Release */ = {
			isa = XCBuildConfiguration;
			buildSettings = {
				ASSETCATALOG_COMPILER_APPICON_NAME = AppIcon;
				ASSETCATALOG_COMPILER_GLOBAL_ACCENT_COLOR_NAME = AccentColor;
				CODE_SIGN_ENTITLEMENTS = CastKeeper/CastKeeper.entitlements;
				CODE_SIGN_STYLE = Automatic;
				CURRENT_PROJECT_VERSION = 1;
				DEVELOPMENT_ASSET_PATHS = "\"CastKeeper/Preview Content\"";
				DEVELOPMENT_TEAM = V7ZAPSKXZ6;
				ENABLE_HARDENED_RUNTIME = YES;
				ENABLE_PREVIEWS = YES;
				GENERATE_INFOPLIST_FILE = YES;
				INFOPLIST_FILE = CastKeeper/Info.plist;
				INFOPLIST_KEY_CFBundleDisplayName = CastKeeper;
				"INFOPLIST_KEY_UIApplicationSceneManifest_Generation[sdk=iphoneos*]" = YES;
				"INFOPLIST_KEY_UIApplicationSceneManifest_Generation[sdk=iphonesimulator*]" = YES;
				"INFOPLIST_KEY_UIApplicationSupportsIndirectInputEvents[sdk=iphoneos*]" = YES;
				"INFOPLIST_KEY_UIApplicationSupportsIndirectInputEvents[sdk=iphonesimulator*]" = YES;
				"INFOPLIST_KEY_UILaunchScreen_Generation[sdk=iphoneos*]" = YES;
				"INFOPLIST_KEY_UILaunchScreen_Generation[sdk=iphonesimulator*]" = YES;
				"INFOPLIST_KEY_UIStatusBarStyle[sdk=iphoneos*]" = UIStatusBarStyleDefault;
				"INFOPLIST_KEY_UIStatusBarStyle[sdk=iphonesimulator*]" = UIStatusBarStyleDefault;
				INFOPLIST_KEY_UISupportedInterfaceOrientations_iPad = "UIInterfaceOrientationPortrait UIInterfaceOrientationPortraitUpsideDown UIInterfaceOrientationLandscapeLeft UIInterfaceOrientationLandscapeRight";
				INFOPLIST_KEY_UISupportedInterfaceOrientations_iPhone = "UIInterfaceOrientationPortrait UIInterfaceOrientationLandscapeLeft UIInterfaceOrientationLandscapeRight";
				IPHONEOS_DEPLOYMENT_TARGET = 18.0;
				LD_RUNPATH_SEARCH_PATHS = "@executable_path/Frameworks";
				"LD_RUNPATH_SEARCH_PATHS[sdk=macosx*]" = "@executable_path/../Frameworks";
				MACOSX_DEPLOYMENT_TARGET = 15.2;
				MARKETING_VERSION = 1.0;
				PRODUCT_BUNDLE_IDENTIFIER = com.RenFer.CastKeeper;
				PRODUCT_NAME = "$(TARGET_NAME)";
				SDKROOT = auto;
				SUPPORTED_PLATFORMS = "iphoneos iphonesimulator macosx xros xrsimulator";
				SWIFT_EMIT_LOC_STRINGS = YES;
				SWIFT_VERSION = 6.0;
				TARGETED_DEVICE_FAMILY = "1,2,7";
				XROS_DEPLOYMENT_TARGET = 2.2;
			};
			name = Release;
		};
/* End XCBuildConfiguration section */

/* Begin XCConfigurationList section */
		52CE4FF92E5F3DB10022583A /* Build configuration list for PBXNativeTarget "CastKeeperTests" */ = {
			isa = XCConfigurationList;
			buildConfigurations = (
				52CE4FFA2E5F3DB10022583A /* Debug */,
				52CE4FFB2E5F3DB10022583A /* Release */,
			);
			defaultConfigurationIsVisible = 0;
			defaultConfigurationName = Release;
		};
		52F1B81E2DBF7E76006FBDD2 /* Build configuration list for PBXProject "CastKeeper" */ = {
			isa = XCConfigurationList;
			buildConfigurations = (
				52F1B8302DBF7E78006FBDD2 /* Debug */,
				52F1B8312DBF7E78006FBDD2 /* Release */,
			);
			defaultConfigurationIsVisible = 0;
			defaultConfigurationName = Release;
		};
		52F1B8322DBF7E78006FBDD2 /* Build configuration list for PBXNativeTarget "CastKeeper" */ = {
			isa = XCConfigurationList;
			buildConfigurations = (
				52F1B8332DBF7E78006FBDD2 /* Debug */,
				52F1B8342DBF7E78006FBDD2 /* Release */,
			);
			defaultConfigurationIsVisible = 0;
			defaultConfigurationName = Release;
		};
/* End XCConfigurationList section */

/* Begin XCRemoteSwiftPackageReference section */
		521444B82E327B0B005EA9E8 /* XCRemoteSwiftPackageReference "SwiftLintPlugins" */ = {
			isa = XCRemoteSwiftPackageReference;
			repositoryURL = "https://github.com/SimplyDanny/SwiftLintPlugins";
			requirement = {
				kind = upToNextMajorVersion;
				minimumVersion = 0.59.1;
			};
		};
		52C1DF7E2E2FD17D00E8690E /* XCRemoteSwiftPackageReference "swift-confidential-plugin" */ = {
			isa = XCRemoteSwiftPackageReference;
			repositoryURL = "https://github.com/securevale/swift-confidential-plugin";
			requirement = {
				kind = upToNextMajorVersion;
				minimumVersion = 0.4.1;
			};
		};
		52C1DF872E2FD4AE00E8690E /* XCRemoteSwiftPackageReference "swift-confidential" */ = {
			isa = XCRemoteSwiftPackageReference;
			repositoryURL = "https://github.com/securevale/swift-confidential";
			requirement = {
				kind = upToNextMajorVersion;
				minimumVersion = 0.4.1;
			};
		};
/* End XCRemoteSwiftPackageReference section */

/* Begin XCSwiftPackageProductDependency section */
		521445832E327BB7005EA9E8 /* SwiftLintBuildToolPlugin */ = {
			isa = XCSwiftPackageProductDependency;
			package = 521444B82E327B0B005EA9E8 /* XCRemoteSwiftPackageReference "SwiftLintPlugins" */;
			productName = "plugin:SwiftLintBuildToolPlugin";
		};
		52C1DF882E2FD4AE00E8690E /* _ConfidentialKit */ = {
			isa = XCSwiftPackageProductDependency;
			package = 52C1DF872E2FD4AE00E8690E /* XCRemoteSwiftPackageReference "swift-confidential" */;
			productName = _ConfidentialKit;
		};
		52C1DF8A2E2FD4C400E8690E /* Confidential */ = {
			isa = XCSwiftPackageProductDependency;
			package = 52C1DF7E2E2FD17D00E8690E /* XCRemoteSwiftPackageReference "swift-confidential-plugin" */;
			productName = "plugin:Confidential";
		};
		52C1DF8E2E2FD4CC00E8690E /* _ConfidentialKit */ = {
			isa = XCSwiftPackageProductDependency;
			package = 52C1DF872E2FD4AE00E8690E /* XCRemoteSwiftPackageReference "swift-confidential" */;
			productName = _ConfidentialKit;
		};
/* End XCSwiftPackageProductDependency section */
	};
	rootObject = 52F1B81B2DBF7E76006FBDD2 /* Project object */;
}
